// !$*UTF8*$!
{
	archiveVersion = 1;
	classes = {
	};
	objectVersion = 46;
	objects = {

/* Begin PBXBuildFile section */
		35676EF119FDF7E8001FABA7 /* AppDelegate.swift in Sources */ = {isa = PBXBuildFile; fileRef = 35676EF019FDF7E8001FABA7 /* AppDelegate.swift */; };
		35676EF319FDF7E8001FABA7 /* FirstViewController.swift in Sources */ = {isa = PBXBuildFile; fileRef = 35676EF219FDF7E8001FABA7 /* FirstViewController.swift */; };
		35676EF519FDF7E8001FABA7 /* SecondViewController.swift in Sources */ = {isa = PBXBuildFile; fileRef = 35676EF419FDF7E8001FABA7 /* SecondViewController.swift */; };
		35676EF819FDF7E8001FABA7 /* Main.storyboard in Resources */ = {isa = PBXBuildFile; fileRef = 35676EF619FDF7E8001FABA7 /* Main.storyboard */; };
		35676EFA19FDF7E8001FABA7 /* Images.xcassets in Resources */ = {isa = PBXBuildFile; fileRef = 35676EF919FDF7E8001FABA7 /* Images.xcassets */; };
		35676EFD19FDF7E8001FABA7 /* LaunchScreen.xib in Resources */ = {isa = PBXBuildFile; fileRef = 35676EFB19FDF7E8001FABA7 /* LaunchScreen.xib */; };
		35676F0919FDF7E8001FABA7 /* C599_iOSTests.swift in Sources */ = {isa = PBXBuildFile; fileRef = 35676F0819FDF7E8001FABA7 /* C599_iOSTests.swift */; };
/* End PBXBuildFile section */

/* Begin PBXContainerItemProxy section */
		35676F0319FDF7E8001FABA7 /* PBXContainerItemProxy */ = {
			isa = PBXContainerItemProxy;
			containerPortal = 35676EE319FDF7E8001FABA7 /* Project object */;
			proxyType = 1;
			remoteGlobalIDString = 35676EEA19FDF7E8001FABA7;
			remoteInfo = "C599 iOS";
		};
/* End PBXContainerItemProxy section */

/* Begin PBXFileReference section */
		35676EEB19FDF7E8001FABA7 /* C599 iOS.app */ = {isa = PBXFileReference; explicitFileType = wrapper.application; includeInIndex = 0; path = "C599 iOS.app"; sourceTree = BUILT_PRODUCTS_DIR; };
		35676EEF19FDF7E8001FABA7 /* Info.plist */ = {isa = PBXFileReference; lastKnownFileType = text.plist.xml; path = Info.plist; sourceTree = "<group>"; };
		35676EF019FDF7E8001FABA7 /* AppDelegate.swift */ = {isa = PBXFileReference; lastKnownFileType = sourcecode.swift; path = AppDelegate.swift; sourceTree = "<group>"; };
		35676EF219FDF7E8001FABA7 /* FirstViewController.swift */ = {isa = PBXFileReference; lastKnownFileType = sourcecode.swift; path = FirstViewController.swift; sourceTree = "<group>"; };
		35676EF419FDF7E8001FABA7 /* SecondViewController.swift */ = {isa = PBXFileReference; lastKnownFileType = sourcecode.swift; path = SecondViewController.swift; sourceTree = "<group>"; };
		35676EF719FDF7E8001FABA7 /* Base */ = {isa = PBXFileReference; lastKnownFileType = file.storyboard; name = Base; path = Base.lproj/Main.storyboard; sourceTree = "<group>"; };
		35676EF919FDF7E8001FABA7 /* Images.xcassets */ = {isa = PBXFileReference; lastKnownFileType = folder.assetcatalog; path = Images.xcassets; sourceTree = "<group>"; };
		35676EFC19FDF7E8001FABA7 /* Base */ = {isa = PBXFileReference; lastKnownFileType = file.xib; name = Base; path = Base.lproj/LaunchScreen.xib; sourceTree = "<group>"; };
		35676F0219FDF7E8001FABA7 /* C599 iOSTests.xctest */ = {isa = PBXFileReference; explicitFileType = wrapper.cfbundle; includeInIndex = 0; path = "C599 iOSTests.xctest"; sourceTree = BUILT_PRODUCTS_DIR; };
		35676F0719FDF7E8001FABA7 /* Info.plist */ = {isa = PBXFileReference; lastKnownFileType = text.plist.xml; path = Info.plist; sourceTree = "<group>"; };
		35676F0819FDF7E8001FABA7 /* C599_iOSTests.swift */ = {isa = PBXFileReference; lastKnownFileType = sourcecode.swift; path = C599_iOSTests.swift; sourceTree = "<group>"; };
/* End PBXFileReference section */

/* Begin PBXFrameworksBuildPhase section */
		35676EE819FDF7E8001FABA7 /* Frameworks */ = {
			isa = PBXFrameworksBuildPhase;
			buildActionMask = 2147483647;
			files = (
			);
			runOnlyForDeploymentPostprocessing = 0;
		};
		35676EFF19FDF7E8001FABA7 /* Frameworks */ = {
			isa = PBXFrameworksBuildPhase;
			buildActionMask = 2147483647;
			files = (
			);
			runOnlyForDeploymentPostprocessing = 0;
		};
/* End PBXFrameworksBuildPhase section */

/* Begin PBXGroup section */
		35676EE219FDF7E8001FABA7 = {
			isa = PBXGroup;
			children = (
				35676EED19FDF7E8001FABA7 /* C599 iOS */,
				35676F0519FDF7E8001FABA7 /* C599 iOSTests */,
				35676EEC19FDF7E8001FABA7 /* Products */,
			);
			sourceTree = "<group>";
		};
		35676EEC19FDF7E8001FABA7 /* Products */ = {
			isa = PBXGroup;
			children = (
				35676EEB19FDF7E8001FABA7 /* C599 iOS.app */,
				35676F0219FDF7E8001FABA7 /* C599 iOSTests.xctest */,
			);
			name = Products;
			sourceTree = "<group>";
		};
		35676EED19FDF7E8001FABA7 /* C599 iOS */ = {
			isa = PBXGroup;
			children = (
				35676EF019FDF7E8001FABA7 /* AppDelegate.swift */,
				35676EF219FDF7E8001FABA7 /* FirstViewController.swift */,
				35676EF419FDF7E8001FABA7 /* SecondViewController.swift */,
				35676EF619FDF7E8001FABA7 /* Main.storyboard */,
				35676EF919FDF7E8001FABA7 /* Images.xcassets */,
				35676EFB19FDF7E8001FABA7 /* LaunchScreen.xib */,
				35676EEE19FDF7E8001FABA7 /* Supporting Files */,
			);
			path = "C599 iOS";
			sourceTree = "<group>";
		};
		35676EEE19FDF7E8001FABA7 /* Supporting Files */ = {
			isa = PBXGroup;
			children = (
				35676EEF19FDF7E8001FABA7 /* Info.plist */,
			);
			name = "Supporting Files";
			sourceTree = "<group>";
		};
		35676F0519FDF7E8001FABA7 /* C599 iOSTests */ = {
			isa = PBXGroup;
			children = (
				35676F0819FDF7E8001FABA7 /* C599_iOSTests.swift */,
				35676F0619FDF7E8001FABA7 /* Supporting Files */,
			);
			path = "C599 iOSTests";
			sourceTree = "<group>";
		};
		35676F0619FDF7E8001FABA7 /* Supporting Files */ = {
			isa = PBXGroup;
			children = (
				35676F0719FDF7E8001FABA7 /* Info.plist */,
			);
			name = "Supporting Files";
			sourceTree = "<group>";
		};
/* End PBXGroup section */

/* Begin PBXNativeTarget section */
		35676EEA19FDF7E8001FABA7 /* C599 iOS */ = {
			isa = PBXNativeTarget;
			buildConfigurationList = 35676F0C19FDF7E8001FABA7 /* Build configuration list for PBXNativeTarget "C599 iOS" */;
			buildPhases = (
				35676EE719FDF7E8001FABA7 /* Sources */,
				35676EE819FDF7E8001FABA7 /* Frameworks */,
				35676EE919FDF7E8001FABA7 /* Resources */,
			);
			buildRules = (
			);
			dependencies = (
			);
			name = "C599 iOS";
			productName = "C599 iOS";
			productReference = 35676EEB19FDF7E8001FABA7 /* C599 iOS.app */;
			productType = "com.apple.product-type.application";
		};
		35676F0119FDF7E8001FABA7 /* C599 iOSTests */ = {
			isa = PBXNativeTarget;
			buildConfigurationList = 35676F0F19FDF7E8001FABA7 /* Build configuration list for PBXNativeTarget "C599 iOSTests" */;
			buildPhases = (
				35676EFE19FDF7E8001FABA7 /* Sources */,
				35676EFF19FDF7E8001FABA7 /* Frameworks */,
				35676F0019FDF7E8001FABA7 /* Resources */,
			);
			buildRules = (
			);
			dependencies = (
				35676F0419FDF7E8001FABA7 /* PBXTargetDependency */,
			);
			name = "C599 iOSTests";
			productName = "C599 iOSTests";
			productReference = 35676F0219FDF7E8001FABA7 /* C599 iOSTests.xctest */;
			productType = "com.apple.product-type.bundle.unit-test";
		};
/* End PBXNativeTarget section */

/* Begin PBXProject section */
		35676EE319FDF7E8001FABA7 /* Project object */ = {
			isa = PBXProject;
			attributes = {
				LastUpgradeCheck = 0610;
				ORGANIZATIONNAME = "Robert Wenger";
				TargetAttributes = {
					35676EEA19FDF7E8001FABA7 = {
						CreatedOnToolsVersion = 6.1;
					};
					35676F0119FDF7E8001FABA7 = {
						CreatedOnToolsVersion = 6.1;
						TestTargetID = 35676EEA19FDF7E8001FABA7;
					};
				};
			};
			buildConfigurationList = 35676EE619FDF7E8001FABA7 /* Build configuration list for PBXProject "C599 iOS" */;
			compatibilityVersion = "Xcode 3.2";
			developmentRegion = English;
			hasScannedForEncodings = 0;
			knownRegions = (
				en,
				Base,
			);
			mainGroup = 35676EE219FDF7E8001FABA7;
			productRefGroup = 35676EEC19FDF7E8001FABA7 /* Products */;
			projectDirPath = "";
			projectRoot = "";
			targets = (
				35676EEA19FDF7E8001FABA7 /* C599 iOS */,
				35676F0119FDF7E8001FABA7 /* C599 iOSTests */,
			);
		};
/* End PBXProject section */

/* Begin PBXResourcesBuildPhase section */
		35676EE919FDF7E8001FABA7 /* Resources */ = {
			isa = PBXResourcesBuildPhase;
			buildActionMask = 2147483647;
			files = (
				35676EF819FDF7E8001FABA7 /* Main.storyboard in Resources */,
				35676EFD19FDF7E8001FABA7 /* LaunchScreen.xib in Resources */,
				35676EFA19FDF7E8001FABA7 /* Images.xcassets in Resources */,
			);
			runOnlyForDeploymentPostprocessing = 0;
		};
		35676F0019FDF7E8001FABA7 /* Resources */ = {
			isa = PBXResourcesBuildPhase;
			buildActionMask = 2147483647;
			files = (
			);
			runOnlyForDeploymentPostprocessing = 0;
		};
/* End PBXResourcesBuildPhase section */

/* Begin PBXSourcesBuildPhase section */
		35676EE719FDF7E8001FABA7 /* Sources */ = {
			isa = PBXSourcesBuildPhase;
			buildActionMask = 2147483647;
			files = (
				35676EF519FDF7E8001FABA7 /* SecondViewController.swift in Sources */,
				35676EF119FDF7E8001FABA7 /* AppDelegate.swift in Sources */,
				35676EF319FDF7E8001FABA7 /* FirstViewController.swift in Sources */,
			);
			runOnlyForDeploymentPostprocessing = 0;
		};
		35676EFE19FDF7E8001FABA7 /* Sources */ = {
			isa = PBXSourcesBuildPhase;
			buildActionMask = 2147483647;
			files = (
				35676F0919FDF7E8001FABA7 /* C599_iOSTests.swift in Sources */,
			);
			runOnlyForDeploymentPostprocessing = 0;
		};
/* End PBXSourcesBuildPhase section */

/* Begin PBXTargetDependency section */
		35676F0419FDF7E8001FABA7 /* PBXTargetDependency */ = {
			isa = PBXTargetDependency;
			target = 35676EEA19FDF7E8001FABA7 /* C599 iOS */;
			targetProxy = 35676F0319FDF7E8001FABA7 /* PBXContainerItemProxy */;
		};
/* End PBXTargetDependency section */

/* Begin PBXVariantGroup section */
		35676EF619FDF7E8001FABA7 /* Main.storyboard */ = {
			isa = PBXVariantGroup;
			children = (
				35676EF719FDF7E8001FABA7 /* Base */,
			);
			name = Main.storyboard;
			sourceTree = "<group>";
		};
		35676EFB19FDF7E8001FABA7 /* LaunchScreen.xib */ = {
			isa = PBXVariantGroup;
			children = (
				35676EFC19FDF7E8001FABA7 /* Base */,
			);
			name = LaunchScreen.xib;
			sourceTree = "<group>";
		};
/* End PBXVariantGroup section */

/* Begin XCBuildConfiguration section */
		35676F0A19FDF7E8001FABA7 /* Debug */ = {
			isa = XCBuildConfiguration;
			buildSettings = {
				ALWAYS_SEARCH_USER_PATHS = NO;
				CLANG_CXX_LANGUAGE_STANDARD = "gnu++0x";
				CLANG_CXX_LIBRARY = "libc++";
				CLANG_ENABLE_MODULES = YES;
				CLANG_ENABLE_OBJC_ARC = YES;
				CLANG_WARN_BOOL_CONVERSION = YES;
				CLANG_WARN_CONSTANT_CONVERSION = YES;
				CLANG_WARN_DIRECT_OBJC_ISA_USAGE = YES_ERROR;
				CLANG_WARN_EMPTY_BODY = YES;
				CLANG_WARN_ENUM_CONVERSION = YES;
				CLANG_WARN_INT_CONVERSION = YES;
				CLANG_WARN_OBJC_ROOT_CLASS = YES_ERROR;
				CLANG_WARN_UNREACHABLE_CODE = YES;
				CLANG_WARN__DUPLICATE_METHOD_MATCH = YES;
				"CODE_SIGN_IDENTITY[sdk=iphoneos*]" = "iPhone Developer";
				COPY_PHASE_STRIP = NO;
				ENABLE_STRICT_OBJC_MSGSEND = YES;
				GCC_C_LANGUAGE_STANDARD = gnu99;
				GCC_DYNAMIC_NO_PIC = NO;
				GCC_OPTIMIZATION_LEVEL = 0;
				GCC_PREPROCESSOR_DEFINITIONS = (
					"DEBUG=1",
					"$(inherited)",
				);
				GCC_SYMBOLS_PRIVATE_EXTERN = NO;
				GCC_WARN_64_TO_32_BIT_CONVERSION = YES;
				GCC_WARN_ABOUT_RETURN_TYPE = YES_ERROR;
				GCC_WARN_UNDECLARED_SELECTOR = YES;
				GCC_WARN_UNINITIALIZED_AUTOS = YES_AGGRESSIVE;
				GCC_WARN_UNUSED_FUNCTION = YES;
				GCC_WARN_UNUSED_VARIABLE = YES;
				IPHONEOS_DEPLOYMENT_TARGET = 8.1;
				MTL_ENABLE_DEBUG_INFO = YES;
				ONLY_ACTIVE_ARCH = YES;
				SDKROOT = iphoneos;
				SWIFT_OPTIMIZATION_LEVEL = "-Onone";
				TARGETED_DEVICE_FAMILY = "1,2";
			};
			name = Debug;
		};
		35676F0B19FDF7E8001FABA7 /* Release */ = {
			isa = XCBuildConfiguration;
			buildSettings = {
				ALWAYS_SEARCH_USER_PATHS = NO;
				CLANG_CXX_LANGUAGE_STANDARD = "gnu++0x";
				CLANG_CXX_LIBRARY = "libc++";
				CLANG_ENABLE_MODULES = YES;
				CLANG_ENABLE_OBJC_ARC = YES;
				CLANG_WARN_BOOL_CONVERSION = YES;
				CLANG_WARN_CONSTANT_CONVERSION = YES;
				CLANG_WARN_DIRECT_OBJC_ISA_USAGE = YES_ERROR;
				CLANG_WARN_EMPTY_BODY = YES;
				CLANG_WARN_ENUM_CONVERSION = YES;
				CLANG_WARN_INT_CONVERSION = YES;
				CLANG_WARN_OBJC_ROOT_CLASS = YES_ERROR;
				CLANG_WARN_UNREACHABLE_CODE = YES;
				CLANG_WARN__DUPLICATE_METHOD_MATCH = YES;
				"CODE_SIGN_IDENTITY[sdk=iphoneos*]" = "iPhone Developer";
				COPY_PHASE_STRIP = YES;
				ENABLE_NS_ASSERTIONS = NO;
				ENABLE_STRICT_OBJC_MSGSEND = YES;
				GCC_C_LANGUAGE_STANDARD = gnu99;
				GCC_WARN_64_TO_32_BIT_CONVERSION = YES;
				GCC_WARN_ABOUT_RETURN_TYPE = YES_ERROR;
				GCC_WARN_UNDECLARED_SELECTOR = YES;
				GCC_WARN_UNINITIALIZED_AUTOS = YES_AGGRESSIVE;
				GCC_WARN_UNUSED_FUNCTION = YES;
				GCC_WARN_UNUSED_VARIABLE = YES;
				IPHONEOS_DEPLOYMENT_TARGET = 8.1;
				MTL_ENABLE_DEBUG_INFO = NO;
				SDKROOT = iphoneos;
				TARGETED_DEVICE_FAMILY = "1,2";
				VALIDATE_PRODUCT = YES;
			};
			name = Release;
		};
		35676F0D19FDF7E8001FABA7 /* Debug */ = {
			isa = XCBuildConfiguration;
			buildSettings = {
				ASSETCATALOG_COMPILER_APPICON_NAME = AppIcon;
				ASSETCATALOG_COMPILER_LAUNCHIMAGE_NAME = LaunchImage;
				INFOPLIST_FILE = "C599 iOS/Info.plist";
				IPHONEOS_DEPLOYMENT_TARGET = 7.0;
				LD_RUNPATH_SEARCH_PATHS = "$(inherited) @executable_path/Frameworks";
				PRODUCT_NAME = "$(TARGET_NAME)";
			};
			name = Debug;
		};
		35676F0E19FDF7E8001FABA7 /* Release */ = {
			isa = XCBuildConfiguration;
			buildSettings = {
				ASSETCATALOG_COMPILER_APPICON_NAME = AppIcon;
				ASSETCATALOG_COMPILER_LAUNCHIMAGE_NAME = LaunchImage;
				INFOPLIST_FILE = "C599 iOS/Info.plist";
				IPHONEOS_DEPLOYMENT_TARGET = 7.0;
				LD_RUNPATH_SEARCH_PATHS = "$(inherited) @executable_path/Frameworks";
				PRODUCT_NAME = "$(TARGET_NAME)";
			};
			name = Release;
		};
		35676F1019FDF7E8001FABA7 /* Debug */ = {
			isa = XCBuildConfiguration;
			buildSettings = {
				BUNDLE_LOADER = "$(TEST_HOST)";
				FRAMEWORK_SEARCH_PATHS = (
					"$(SDKROOT)/Developer/Library/Frameworks",
					"$(inherited)",
				);
				GCC_PREPROCESSOR_DEFINITIONS = (
					"DEBUG=1",
					"$(inherited)",
				);
				INFOPLIST_FILE = "C599 iOSTests/Info.plist";
				LD_RUNPATH_SEARCH_PATHS = "$(inherited) @executable_path/Frameworks @loader_path/Frameworks";
				PRODUCT_NAME = "$(TARGET_NAME)";
				TEST_HOST = "$(BUILT_PRODUCTS_DIR)/C599 iOS.app/C599 iOS";
			};
			name = Debug;
		};
		35676F1119FDF7E8001FABA7 /* Release */ = {
			isa = XCBuildConfiguration;
			buildSettings = {
				BUNDLE_LOADER = "$(TEST_HOST)";
				FRAMEWORK_SEARCH_PATHS = (
					"$(SDKROOT)/Developer/Library/Frameworks",
					"$(inherited)",
				);
				INFOPLIST_FILE = "C599 iOSTests/Info.plist";
				LD_RUNPATH_SEARCH_PATHS = "$(inherited) @executable_path/Frameworks @loader_path/Frameworks";
				PRODUCT_NAME = "$(TARGET_NAME)";
				TEST_HOST = "$(BUILT_PRODUCTS_DIR)/C599 iOS.app/C599 iOS";
			};
			name = Release;
		};
/* End XCBuildConfiguration section */

/* Begin XCConfigurationList section */
		35676EE619FDF7E8001FABA7 /* Build configuration list for PBXProject "C599 iOS" */ = {
			isa = XCConfigurationList;
			buildConfigurations = (
				35676F0A19FDF7E8001FABA7 /* Debug */,
				35676F0B19FDF7E8001FABA7 /* Release */,
			);
			defaultConfigurationIsVisible = 0;
			defaultConfigurationName = Release;
		};
		35676F0C19FDF7E8001FABA7 /* Build configuration list for PBXNativeTarget "C599 iOS" */ = {
			isa = XCConfigurationList;
			buildConfigurations = (
				35676F0D19FDF7E8001FABA7 /* Debug */,
				35676F0E19FDF7E8001FABA7 /* Release */,
			);
			defaultConfigurationIsVisible = 0;
		};
		35676F0F19FDF7E8001FABA7 /* Build configuration list for PBXNativeTarget "C599 iOSTests" */ = {
			isa = XCConfigurationList;
			buildConfigurations = (
				35676F1019FDF7E8001FABA7 /* Debug */,
				35676F1119FDF7E8001FABA7 /* Release */,
			);
			defaultConfigurationIsVisible = 0;
		};
/* End XCConfigurationList section */
	};
	rootObject = 35676EE319FDF7E8001FABA7 /* Project object */;
}
